
Microsoft Visual Studio Solution File, Format Version 12.00
Project("{FAE04EC0-301F-11D3-BF4B-00C04F79EFBC}") = "LethalAchievements", "LethalAchievements\LethalAchievements.csproj", "{9EE8FB38-AC37-4D32-9BA9-5F94C3958F07}"
EndProject
Global
	GlobalSection(SolutionConfigurationPlatforms) = preSolution
		Debug|Any CPU = Debug|Any CPU
		Release|Any CPU = Release|Any CPU
	EndGlobalSection
	GlobalSection(ProjectConfigurationPlatforms) = postSolution
		{9EE8FB38-AC37-4D32-9BA9-5F94C3958F07}.Debug|Any CPU.ActiveCfg = Debug|Any CPU
		{9EE8FB38-AC37-4D32-9BA9-5F94C3958F07}.Debug|Any CPU.Build.0 = Debug|Any CPU
		{9EE8FB38-AC37-4D32-9BA9-5F94C3958F07}.Release|Any CPU.ActiveCfg = Release|Any CPU
		{9EE8FB38-AC37-4D32-9BA9-5F94C3958F07}.Release|Any CPU.Build.0 = Release|Any CPU
	EndGlobalSection
EndGlobal
